
Microsoft Visual Studio Solution File, Format Version 12.00
# Visual Studio Version 17
VisualStudioVersion = 17.10.34928.147
MinimumVisualStudioVersion = 10.0.40219.1
Project("{FAE04EC0-301F-11D3-BF4B-00C04F79EFBC}") = "PVM_saskaitos_fakturos", "PVM_saskaitos_fakturos\PVM_saskaitos_fakturos.csproj", "{7AF353C1-750A-470F-8BD0-BE448385372F}"
EndProject
Global
	GlobalSection(SolutionConfigurationPlatforms) = preSolution
		Debug|Any CPU = Debug|Any CPU
		Release|Any CPU = Release|Any CPU
	EndGlobalSection
	GlobalSection(ProjectConfigurationPlatforms) = postSolution
		{7AF353C1-750A-470F-8BD0-BE448385372F}.Debug|Any CPU.ActiveCfg = Debug|Any CPU
		{7AF353C1-750A-470F-8BD0-BE448385372F}.Debug|Any CPU.Build.0 = Debug|Any CPU
		{7AF353C1-750A-470F-8BD0-BE448385372F}.Release|Any CPU.ActiveCfg = Release|Any CPU
		{7AF353C1-750A-470F-8BD0-BE448385372F}.Release|Any CPU.Build.0 = Release|Any CPU
	EndGlobalSection
	GlobalSection(SolutionProperties) = preSolution
		HideSolutionNode = FALSE
	EndGlobalSection
	GlobalSection(ExtensibilityGlobals) = postSolution
		SolutionGuid = {DC287BAD-18B8-4C2F-81BC-C02ACB463B52}
	EndGlobalSection
EndGlobal
